
Microsoft Visual Studio Solution File, Format Version 12.00
# Visual Studio Version 17
VisualStudioVersion = 17.5.002.0
MinimumVisualStudioVersion = 10.0.40219.1
Project("{9A19103F-16F7-4668-BE54-9A1E7A4F7556}") = "TechJobs6Persistent", "TechJobs6Persistent.csproj", "{63DE47DD-4BE5-4799-9949-11FC28FDA1B1}"
EndProject
Project("{FAE04EC0-301F-11D3-BF4B-00C04F79EFBC}") = "Task.Tests", "..\Task.Tests\Task.Tests.csproj", "{FDE160EE-8F9E-4509-B5CD-55667C11212C}"
EndProject
Global
	GlobalSection(SolutionConfigurationPlatforms) = preSolution
		Debug|Any CPU = Debug|Any CPU
		Release|Any CPU = Release|Any CPU
	EndGlobalSection
	GlobalSection(ProjectConfigurationPlatforms) = postSolution
		{63DE47DD-4BE5-4799-9949-11FC28FDA1B1}.Debug|Any CPU.ActiveCfg = Debug|Any CPU
		{63DE47DD-4BE5-4799-9949-11FC28FDA1B1}.Debug|Any CPU.Build.0 = Debug|Any CPU
		{63DE47DD-4BE5-4799-9949-11FC28FDA1B1}.Release|Any CPU.ActiveCfg = Release|Any CPU
		{63DE47DD-4BE5-4799-9949-11FC28FDA1B1}.Release|Any CPU.Build.0 = Release|Any CPU
		{FDE160EE-8F9E-4509-B5CD-55667C11212C}.Debug|Any CPU.ActiveCfg = Debug|Any CPU
		{FDE160EE-8F9E-4509-B5CD-55667C11212C}.Debug|Any CPU.Build.0 = Debug|Any CPU
		{FDE160EE-8F9E-4509-B5CD-55667C11212C}.Release|Any CPU.ActiveCfg = Release|Any CPU
		{FDE160EE-8F9E-4509-B5CD-55667C11212C}.Release|Any CPU.Build.0 = Release|Any CPU
	EndGlobalSection
	GlobalSection(SolutionProperties) = preSolution
		HideSolutionNode = FALSE
	EndGlobalSection
	GlobalSection(ExtensibilityGlobals) = postSolution
		SolutionGuid = {11E8BC32-297E-4409-A73B-A122B499BA2F}
	EndGlobalSection
EndGlobal
